
Microsoft Visual Studio Solution File, Format Version 12.00
# Visual Studio Version 17
VisualStudioVersion = 17.9.34714.143
MinimumVisualStudioVersion = 10.0.40219.1
Project("{FAE04EC0-301F-11D3-BF4B-00C04F79EFBC}") = "ConsoleApp2", "ConsoleApp2\ConsoleApp2.csproj", "{D897640B-3B0A-49D3-ADD3-D989B3741BE0}"
EndProject
Global
	GlobalSection(SolutionConfigurationPlatforms) = preSolution
		Debug|Any CPU = Debug|Any CPU
		Release|Any CPU = Release|Any CPU
	EndGlobalSection
	GlobalSection(ProjectConfigurationPlatforms) = postSolution
		{D897640B-3B0A-49D3-ADD3-D989B3741BE0}.Debug|Any CPU.ActiveCfg = Debug|Any CPU
		{D897640B-3B0A-49D3-ADD3-D989B3741BE0}.Debug|Any CPU.Build.0 = Debug|Any CPU
		{D897640B-3B0A-49D3-ADD3-D989B3741BE0}.Release|Any CPU.ActiveCfg = Release|Any CPU
		{D897640B-3B0A-49D3-ADD3-D989B3741BE0}.Release|Any CPU.Build.0 = Release|Any CPU
	EndGlobalSection
	GlobalSection(SolutionProperties) = preSolution
		HideSolutionNode = FALSE
	EndGlobalSection
	GlobalSection(ExtensibilityGlobals) = postSolution
		SolutionGuid = {607E1F46-91D1-4917-865D-B9D3DED8EFEC}
	EndGlobalSection
EndGlobal
